<?xml version="1.0" encoding="utf-8"?>
<Project ToolsVersion="4.0" xmlns="http://schemas.microsoft.com/developer/msbuild/2003">
  <ItemGroup>
    <Filter Include="Source Files">
      <UniqueIdentifier>{4FC737F1-C7A5-4376-A066-2A32D752A2FF}</UniqueIdentifier>
      <Extensions>cpp;cxx;c;def</Extensions>
    </Filter>
    <Filter Include="Header Files">
      <UniqueIdentifier>{93995380-89BD-4b04-88EB-625FBE52EBFB}</UniqueIdentifier>
      <Extensions>h</Extensions>
    </Filter>
    <Filter Include="Form Files">
      <UniqueIdentifier>{99349809-55BA-4b9d-BF79-8FDBB0286EB3}</UniqueIdentifier>
      <Extensions>ui</Extensions>
    </Filter>
    <Filter Include="Resource Files">
      <UniqueIdentifier>{D9D6E242-F8AF-46E4-B9FD-80ECBC20BA3E}</UniqueIdentifier>
      <Extensions>qrc;*</Extensions>
      <ParseFiles>false</ParseFiles>
    </Filter>
    <Filter Include="Generated Files">
      <UniqueIdentifier>{71ED8ED8-ACB9-4CE9-BBE1-E00B30144E11}</UniqueIdentifier>
      <Extensions>moc;h;cpp</Extensions>
      <SourceControlFiles>False</SourceControlFiles>
    </Filter>
    <Filter Include="Generated Files\Debug">
      <UniqueIdentifier>{5d623546-2e42-46cd-b014-2fbd171b7170}</UniqueIdentifier>
      <Extensions>cpp;moc</Extensions>
      <SourceControlFiles>False</SourceControlFiles>
    </Filter>
    <Filter Include="Generated Files\Release">
      <UniqueIdentifier>{e4dfb64a-058f-4c2d-a467-ade9279e3e92}</UniqueIdentifier>
      <Extensions>cpp;moc</Extensions>
      <SourceControlFiles>False</SourceControlFiles>
    </Filter>
    <Filter Include="Source Files\Processors">
      <UniqueIdentifier>{ea5c7a95-45aa-481c-9179-c182d1fe4612}</UniqueIdentifier>
    </Filter>
    <Filter Include="Source Files\Dialogs">
      <UniqueIdentifier>{6fdeda72-dee2-4bb3-a118-92ed88bc304d}</UniqueIdentifier>
    </Filter>
    <Filter Include="Source Files\Connections">
      <UniqueIdentifier>{dbcc0190-80a0-4d06-8d97-d57e11c34718}</UniqueIdentifier>
    </Filter>
    <Filter Include="Source Files\ImageProcessing">
      <UniqueIdentifier>{5cb0849a-d5f7-4657-b533-eaa3aef4743d}</UniqueIdentifier>
    </Filter>
    <Filter Include="Source Files\Base">
      <UniqueIdentifier>{42a06d96-7938-460e-99b6-2cf7ec74e7f1}</UniqueIdentifier>
    </Filter>
    <Filter Include="Source Files\Widgets">
      <UniqueIdentifier>{7fd975ac-7c36-4a39-9d03-14fb1f2da1eb}</UniqueIdentifier>
    </Filter>
    <Filter Include="Source Files\Configuration">
      <UniqueIdentifier>{67b19b31-1ec8-4ef1-931d-dc6c6aba3636}</UniqueIdentifier>
    </Filter>
    <Filter Include="Header Files\Dialogs">
      <UniqueIdentifier>{b3e56ccf-ce83-42cd-8e2b-bcb2632a53ec}</UniqueIdentifier>
    </Filter>
    <Filter Include="Header Files\Connections">
      <UniqueIdentifier>{d24b7f89-54c2-4276-af08-e2eddecfc654}</UniqueIdentifier>
    </Filter>
    <Filter Include="Header Files\ImageProcessing">
      <UniqueIdentifier>{5b15cf3c-f64a-4a79-be6d-979bc4c32113}</UniqueIdentifier>
    </Filter>
    <Filter Include="Header Files\Processors">
      <UniqueIdentifier>{375650fd-1c77-4170-9a36-cf46383def09}</UniqueIdentifier>
    </Filter>
    <Filter Include="Header Files\Widgets">
      <UniqueIdentifier>{2492ee89-1f4d-495e-ae38-214012ac2f04}</UniqueIdentifier>
    </Filter>
    <Filter Include="Header Files\Base">
      <UniqueIdentifier>{8704c8c5-2fb9-4058-b48f-ca1944648d49}</UniqueIdentifier>
    </Filter>
    <Filter Include="Header Files\Configration">
      <UniqueIdentifier>{a9e5e926-c4b8-4ead-bb62-7b7405a21cd2}</UniqueIdentifier>
    </Filter>
  </ItemGroup>
  <ItemGroup>
    <ClCompile Include="GeneratedFiles\Debug\moc_bugsurv.cpp">
      <Filter>Generated Files\Debug</Filter>
    </ClCompile>
    <ClCompile Include="GeneratedFiles\Release\moc_bugsurv.cpp">
      <Filter>Generated Files\Release</Filter>
    </ClCompile>
    <ClCompile Include="GeneratedFiles\Debug\moc_PTZControlGV.cpp">
      <Filter>Generated Files\Debug</Filter>
    </ClCompile>
    <ClCompile Include="GeneratedFiles\Release\moc_PTZControlGV.cpp">
      <Filter>Generated Files\Release</Filter>
    </ClCompile>
    <ClCompile Include="GeneratedFiles\Debug\moc_Connection.cpp">
      <Filter>Generated Files\Debug</Filter>
    </ClCompile>
    <ClCompile Include="GeneratedFiles\Release\moc_Connection.cpp">
      <Filter>Generated Files\Release</Filter>
    </ClCompile>
    <ClCompile Include="GeneratedFiles\Debug\moc_ActiConnection.cpp">
      <Filter>Generated Files\Debug</Filter>
    </ClCompile>
    <ClCompile Include="GeneratedFiles\Release\moc_ActiConnection.cpp">
      <Filter>Generated Files\Release</Filter>
    </ClCompile>
    <ClCompile Include="GeneratedFiles\Debug\moc_CVImageWidget.cpp">
      <Filter>Generated Files\Debug</Filter>
    </ClCompile>
    <ClCompile Include="GeneratedFiles\Release\moc_CVImageWidget.cpp">
      <Filter>Generated Files\Release</Filter>
    </ClCompile>
    <ClCompile Include="GeneratedFiles\Debug\moc_CvRtspThread.cpp">
      <Filter>Generated Files\Debug</Filter>
    </ClCompile>
    <ClCompile Include="GeneratedFiles\Release\moc_CvRtspThread.cpp">
      <Filter>Generated Files\Release</Filter>
    </ClCompile>
    <ClCompile Include="GeneratedFiles\Debug\moc_opencvConnection.cpp">
      <Filter>Generated Files\Debug</Filter>
    </ClCompile>
    <ClCompile Include="GeneratedFiles\Release\moc_opencvConnection.cpp">
      <Filter>Generated Files\Release</Filter>
    </ClCompile>
    <ClCompile Include="GeneratedFiles\qrc_re.cpp">
      <Filter>Generated Files</Filter>
    </ClCompile>
    <ClCompile Include="GeneratedFiles\Debug\moc_ImageProcessor.cpp">
      <Filter>Generated Files\Debug</Filter>
    </ClCompile>
    <ClCompile Include="GeneratedFiles\Release\moc_ImageProcessor.cpp">
      <Filter>Generated Files\Release</Filter>
    </ClCompile>
    <ClCompile Include="GeneratedFiles\Debug\moc_SampleProcessor.cpp">
      <Filter>Generated Files\Debug</Filter>
    </ClCompile>
    <ClCompile Include="GeneratedFiles\Release\moc_SampleProcessor.cpp">
      <Filter>Generated Files\Release</Filter>
    </ClCompile>
    <ClCompile Include="GeneratedFiles\Debug\moc_ProcessorThread.cpp">
      <Filter>Generated Files\Debug</Filter>
    </ClCompile>
    <ClCompile Include="GeneratedFiles\Release\moc_ProcessorThread.cpp">
      <Filter>Generated Files\Release</Filter>
    </ClCompile>
    <ClCompile Include="GeneratedFiles\Debug\moc_DetachedView.cpp">
      <Filter>Generated Files\Debug</Filter>
    </ClCompile>
    <ClCompile Include="GeneratedFiles\Release\moc_DetachedView.cpp">
      <Filter>Generated Files\Release</Filter>
    </ClCompile>
    <ClCompile Include="GeneratedFiles\Debug\moc_ChangeFpsDialog.cpp">
      <Filter>Generated Files\Debug</Filter>
    </ClCompile>
    <ClCompile Include="GeneratedFiles\Release\moc_ChangeFpsDialog.cpp">
      <Filter>Generated Files\Release</Filter>
    </ClCompile>
    <ClCompile Include="GeneratedFiles\Debug\moc_LCCThread.cpp">
      <Filter>Generated Files\Debug</Filter>
    </ClCompile>
    <ClCompile Include="GeneratedFiles\Release\moc_LCCThread.cpp">
      <Filter>Generated Files\Release</Filter>
    </ClCompile>
    <ClCompile Include="GeneratedFiles\Debug\moc_LocalCameraConnection.cpp">
      <Filter>Generated Files\Debug</Filter>
    </ClCompile>
    <ClCompile Include="GeneratedFiles\Release\moc_LocalCameraConnection.cpp">
      <Filter>Generated Files\Release</Filter>
    </ClCompile>
    <ClCompile Include="GeneratedFiles\Debug\moc_Logger.cpp">
      <Filter>Generated Files\Debug</Filter>
    </ClCompile>
    <ClCompile Include="GeneratedFiles\Release\moc_Logger.cpp">
      <Filter>Generated Files\Release</Filter>
    </ClCompile>
    <ClCompile Include="GeneratedFiles\Debug\moc_ActionsDialog.cpp">
      <Filter>Generated Files\Debug</Filter>
    </ClCompile>
    <ClCompile Include="GeneratedFiles\Release\moc_ActionsDialog.cpp">
      <Filter>Generated Files\Release</Filter>
    </ClCompile>
    <ClCompile Include="GeneratedFiles\Debug\moc_HistogramEqProcessor.cpp">
      <Filter>Generated Files\Debug</Filter>
    </ClCompile>
    <ClCompile Include="GeneratedFiles\Release\moc_HistogramEqProcessor.cpp">
      <Filter>Generated Files\Release</Filter>
    </ClCompile>
    <ClCompile Include="GeneratedFiles\Debug\moc_CornerDetectionProcessor.cpp">
      <Filter>Generated Files\Debug</Filter>
    </ClCompile>
    <ClCompile Include="GeneratedFiles\Release\moc_CornerDetectionProcessor.cpp">
      <Filter>Generated Files\Release</Filter>
    </ClCompile>
    <ClCompile Include="GeneratedFiles\Debug\moc_ObjectRecoProcessor.cpp">
      <Filter>Generated Files\Debug</Filter>
    </ClCompile>
    <ClCompile Include="GeneratedFiles\Release\moc_ObjectRecoProcessor.cpp">
      <Filter>Generated Files\Release</Filter>
    </ClCompile>
    <ClCompile Include="GeneratedFiles\Debug\moc_About.cpp">
      <Filter>Generated Files\Debug</Filter>
    </ClCompile>
    <ClCompile Include="GeneratedFiles\Release\moc_About.cpp">
      <Filter>Generated Files\Release</Filter>
    </ClCompile>
    <ClCompile Include="GeneratedFiles\Debug\moc_CascadeDetectorProcessor.cpp">
      <Filter>Generated Files\Debug</Filter>
    </ClCompile>
    <ClCompile Include="GeneratedFiles\Release\moc_CascadeDetectorProcessor.cpp">
      <Filter>Generated Files\Release</Filter>
    </ClCompile>
    <ClCompile Include="GeneratedFiles\Debug\moc_DLibDetectorProcessor.cpp">
      <Filter>Generated Files\Debug</Filter>
    </ClCompile>
    <ClCompile Include="GeneratedFiles\Release\moc_DLibDetectorProcessor.cpp">
      <Filter>Generated Files\Release</Filter>
    </ClCompile>
    <ClCompile Include="GeneratedFiles\Debug\moc_Segmenter.cpp">
      <Filter>Generated Files\Debug</Filter>
    </ClCompile>
    <ClCompile Include="GeneratedFiles\Release\moc_Segmenter.cpp">
      <Filter>Generated Files\Release</Filter>
    </ClCompile>
    <ClCompile Include="GeneratedFiles\Debug\moc_PedestrianSegmenter.cpp">
      <Filter>Generated Files\Debug</Filter>
    </ClCompile>
    <ClCompile Include="GeneratedFiles\Release\moc_PedestrianSegmenter.cpp">
      <Filter>Generated Files\Release</Filter>
    </ClCompile>
    <ClCompile Include="CascadeDetectorProcessor.cpp">
      <Filter>Source Files\Processors</Filter>
    </ClCompile>
    <ClCompile Include="CornerDetectionProcessor.cpp">
      <Filter>Source Files\Processors</Filter>
    </ClCompile>
    <ClCompile Include="HistogramEquilazionProcessor.cpp">
      <Filter>Source Files\Processors</Filter>
    </ClCompile>
    <ClCompile Include="ObjectRecoProcessor.cpp">
      <Filter>Source Files\Processors</Filter>
    </ClCompile>
    <ClCompile Include="About.cpp">
      <Filter>Source Files\Dialogs</Filter>
    </ClCompile>
    <ClCompile Include="ActiConnection.cpp">
      <Filter>Source Files\Connections</Filter>
    </ClCompile>
    <ClCompile Include="ActionsDialog.cpp">
      <Filter>Source Files\Dialogs</Filter>
    </ClCompile>
    <ClCompile Include="ChangeFpsDialog.cpp">
      <Filter>Source Files\Dialogs</Filter>
    </ClCompile>
    <ClCompile Include="CvRtspThread.cpp">
      <Filter>Source Files\Connections</Filter>
    </ClCompile>
    <ClCompile Include="DLibDetectorProcessor.cpp">
      <Filter>Source Files\Processors</Filter>
    </ClCompile>
    <ClCompile Include="LCCThread.cpp">
      <Filter>Source Files\Connections</Filter>
    </ClCompile>
    <ClCompile Include="LocalCameraConnection.cpp">
      <Filter>Source Files\Connections</Filter>
    </ClCompile>
    <ClCompile Include="opencvConnection.cpp">
      <Filter>Source Files\Connections</Filter>
    </ClCompile>
    <ClCompile Include="SampleProcessor.cpp">
      <Filter>Source Files\Processors</Filter>
    </ClCompile>
    <ClCompile Include="SettingsDialog.cpp">
      <Filter>Source Files\Dialogs</Filter>
    </ClCompile>
    <ClCompile Include="SignDetectorProcessor.cpp">
      <Filter>Source Files\Processors</Filter>
    </ClCompile>
    <ClCompile Include="ComponentFilter.cpp">
      <Filter>Source Files\ImageProcessing</Filter>
    </ClCompile>
    <ClCompile Include="Cv3Functions.cpp">
      <Filter>Source Files\ImageProcessing</Filter>
    </ClCompile>
    <ClCompile Include="DetachedView.cpp">
      <Filter>Source Files\Dialogs</Filter>
    </ClCompile>
    <ClCompile Include="ObjectTracker.cpp">
      <Filter>Source Files\ImageProcessing</Filter>
    </ClCompile>
    <ClCompile Include="TrackedObject.cpp">
      <Filter>Source Files\ImageProcessing</Filter>
    </ClCompile>
    <ClCompile Include="Segmenter.cpp">
      <Filter>Source Files\ImageProcessing</Filter>
    </ClCompile>
    <ClCompile Include="PedestrianSegmenter.cpp">
      <Filter>Source Files\ImageProcessing</Filter>
    </ClCompile>
    <ClCompile Include="bugsurv.cpp">
      <Filter>Source Files\Base</Filter>
    </ClCompile>
    <ClCompile Include="Configurations.cpp">
      <Filter>Source Files\Base</Filter>
    </ClCompile>
    <ClCompile Include="Connection.cpp">
      <Filter>Source Files\Base</Filter>
    </ClCompile>
    <ClCompile Include="ImageProcessor.cpp">
      <Filter>Source Files\Base</Filter>
    </ClCompile>
    <ClCompile Include="Logger.cpp">
      <Filter>Source Files\Base</Filter>
    </ClCompile>
    <ClCompile Include="ProcessorThread.cpp">
      <Filter>Source Files\Base</Filter>
    </ClCompile>
    <ClCompile Include="main.cpp">
      <Filter>Source Files\Base</Filter>
    </ClCompile>
    <ClCompile Include="PTZControlGV.cpp">
      <Filter>Source Files\Widgets</Filter>
    </ClCompile>
    <ClCompile Include="CVImageWidget.cpp">
      <Filter>Source Files\Widgets</Filter>
    </ClCompile>
    <ClCompile Include="ipClasses.cpp">
      <Filter>Source Files\Configuration</Filter>
    </ClCompile>
  </ItemGroup>
  <ItemGroup>
    <CustomBuild Include="bugsurv.ui">
      <Filter>Form Files</Filter>
    </CustomBuild>
    <CustomBuild Include="re.qrc">
      <Filter>Resource Files</Filter>
    </CustomBuild>
    <CustomBuild Include="settings.ui">
      <Filter>Form Files</Filter>
    </CustomBuild>
    <CustomBuild Include="detachedview.ui">
      <Filter>Form Files</Filter>
    </CustomBuild>
    <CustomBuild Include="changefps.ui">
      <Filter>Form Files</Filter>
    </CustomBuild>
    <CustomBuild Include="actions.ui">
      <Filter>Form Files</Filter>
    </CustomBuild>
    <CustomBuild Include="About.ui">
      <Filter>Form Files</Filter>
    </CustomBuild>
    <CustomBuild Include="About.h">
      <Filter>Header Files\Dialogs</Filter>
    </CustomBuild>
    <CustomBuild Include="ActiConnection.h">
      <Filter>Header Files\Connections</Filter>
    </CustomBuild>
    <CustomBuild Include="ActionsDialog.h">
      <Filter>Header Files\Dialogs</Filter>
    </CustomBuild>
    <CustomBuild Include="bugsurv.h">
      <Filter>Header Files\Base</Filter>
    </CustomBuild>
    <CustomBuild Include="CascadeDetectorProcessor.h">
      <Filter>Header Files\Processors</Filter>
    </CustomBuild>
    <CustomBuild Include="ChangeFpsDialog.h">
      <Filter>Header Files\Dialogs</Filter>
    </CustomBuild>
    <CustomBuild Include="CornerDetectionProcessor.h">
      <Filter>Header Files\Processors</Filter>
    </CustomBuild>
    <CustomBuild Include="Connection.h">
      <Filter>Header Files\Base</Filter>
    </CustomBuild>
    <CustomBuild Include="CVImageWidget.h">
      <Filter>Header Files\Widgets</Filter>
    </CustomBuild>
    <CustomBuild Include="CvRtspThread.h">
      <Filter>Header Files\Connections</Filter>
    </CustomBuild>
    <CustomBuild Include="DetachedView.h">
      <Filter>Header Files\Dialogs</Filter>
    </CustomBuild>
    <CustomBuild Include="DLibDetectorProcessor.h">
      <Filter>Header Files\Processors</Filter>
    </CustomBuild>
    <CustomBuild Include="HistogramEqProcessor.h">
      <Filter>Header Files\Processors</Filter>
    </CustomBuild>
    <CustomBuild Include="ImageProcessor.h">
      <Filter>Header Files\Base</Filter>
    </CustomBuild>
    <CustomBuild Include="LCCThread.h">
      <Filter>Header Files\Connections</Filter>
    </CustomBuild>
    <CustomBuild Include="LocalCameraConnection.h">
      <Filter>Header Files\Connections</Filter>
    </CustomBuild>
    <CustomBuild Include="Logger.h">
      <Filter>Header Files\Base</Filter>
    </CustomBuild>
    <CustomBuild Include="ObjectRecoProcessor.h">
      <Filter>Header Files\Processors</Filter>
    </CustomBuild>
    <CustomBuild Include="opencvConnection.h">
      <Filter>Header Files\Connections</Filter>
    </CustomBuild>
    <CustomBuild Include="PedestrianSegmenter.h">
      <Filter>Header Files\ImageProcessing</Filter>
    </CustomBuild>
    <CustomBuild Include="ProcessorThread.h">
      <Filter>Header Files\Base</Filter>
    </CustomBuild>
    <CustomBuild Include="PTZControlGV.h">
      <Filter>Header Files\Widgets</Filter>
    </CustomBuild>
    <CustomBuild Include="SampleProcessor.h">
      <Filter>Header Files\Processors</Filter>
    </CustomBuild>
    <CustomBuild Include="Segmenter.h">
      <Filter>Header Files\ImageProcessing</Filter>
    </CustomBuild>
  </ItemGroup>
  <ItemGroup>
    <ClInclude Include="GeneratedFiles\ui_bugsurv.h">
      <Filter>Generated Files</Filter>
    </ClInclude>
    <ClInclude Include="SDK10000.h">
      <Filter>Header Files</Filter>
    </ClInclude>
    <ClInclude Include="sqlite3.h">
      <Filter>Header Files</Filter>
    </ClInclude>
    <ClInclude Include="resource.h">
      <Filter>Header Files</Filter>
    </ClInclude>
    <ClInclude Include="GeneratedFiles\ui_settings.h">
      <Filter>Generated Files</Filter>
    </ClInclude>
    <ClInclude Include="GeneratedFiles\ui_detachedview.h">
      <Filter>Generated Files</Filter>
    </ClInclude>
    <ClInclude Include="GeneratedFiles\ui_changefps.h">
      <Filter>Generated Files</Filter>
    </ClInclude>
    <ClInclude Include="GeneratedFiles\ui_actions.h">
      <Filter>Generated Files</Filter>
    </ClInclude>
    <ClInclude Include="GeneratedFiles\ui_About.h">
      <Filter>Generated Files</Filter>
    </ClInclude>
    <ClInclude Include="cfg.h">
      <Filter>Header Files\Configration</Filter>
    </ClInclude>
    <ClInclude Include="ComponentFilter.h">
      <Filter>Header Files\ImageProcessing</Filter>
    </ClInclude>
    <ClInclude Include="Configurations.h">
      <Filter>Header Files\Configration</Filter>
    </ClInclude>
    <ClInclude Include="connectionClasses.h">
      <Filter>Header Files\Configration</Filter>
    </ClInclude>
    <ClInclude Include="Cv3Functions.h">
      <Filter>Header Files\ImageProcessing</Filter>
    </ClInclude>
    <ClInclude Include="ipClasses.h">
      <Filter>Header Files\Configration</Filter>
    </ClInclude>
    <ClInclude Include="MorphoFeatures.h">
      <Filter>Header Files\ImageProcessing</Filter>
    </ClInclude>
    <ClInclude Include="ObjectTracker.h">
      <Filter>Header Files\ImageProcessing</Filter>
    </ClInclude>
    <ClInclude Include="SettingsDialog.h">
      <Filter>Header Files\Dialogs</Filter>
    </ClInclude>
    <ClInclude Include="SignDetectorProcessor.h">
      <Filter>Header Files\Processors</Filter>
    </ClInclude>
    <ClInclude Include="TrackedObject.h">
      <Filter>Header Files\ImageProcessing</Filter>
    </ClInclude>
  </ItemGroup>
  <ItemGroup>
    <ResourceCompile Include="BugSurv.rc" />
  </ItemGroup>
  <ItemGroup>
    <Image Include="icon1.ico" />
  </ItemGroup>
  <ItemGroup>
    <None Include="ClassDiagram.cd" />
  </ItemGroup>
</Project>